{
  "pins" : [
    {
      "identity" : "swift-syntax",
      "kind" : "remoteSourceControl",
      "location" : "https://github.com/apple/swift-syntax.git",
      "state" : {
        "branch" : "main",
        "revision" : "a2d31e8880224f5a619f24bf58c122836faf99ff"
      }
    }
  ],
  "version" : 2
}
